
Microsoft Visual Studio Solution File, Format Version 12.00
# Visual Studio 14
VisualStudioVersion = 14.0.25420.1
MinimumVisualStudioVersion = 10.0.40219.1
Project("{FAE04EC0-301F-11D3-BF4B-00C04F79EFBC}") = "Carvajal.Shifts.Console", "ConsoleCarvajal\Carvajal.Shifts.Console.csproj", "{F3DCC26E-77FA-4127-BB96-F10615A70E65}"
EndProject
Project("{FAE04EC0-301F-11D3-BF4B-00C04F79EFBC}") = "Carvajal.Shifts.Managers", "Managers\Carvajal.Shifts.Managers.csproj", "{CA8990F4-C1D2-4FCE-976C-B994E72287D8}"
EndProject
Project("{FAE04EC0-301F-11D3-BF4B-00C04F79EFBC}") = "Carvajal.Shifts.Orchestations", "Orchestations\Carvajal.Shifts.Orchestations.csproj", "{66FAB74C-4BD9-4E5E-903B-E09D3A3DB426}"
EndProject
Project("{FAE04EC0-301F-11D3-BF4B-00C04F79EFBC}") = "Carvajal.Shifts.PlainText", "PlainText\Carvajal.Shifts.PlainText.csproj", "{52D4DAAD-72FC-4CC8-999E-ABC2860578C1}"
EndProject
Global
	GlobalSection(SolutionConfigurationPlatforms) = preSolution
		Debug|Any CPU = Debug|Any CPU
		Release|Any CPU = Release|Any CPU
	EndGlobalSection
	GlobalSection(ProjectConfigurationPlatforms) = postSolution
		{F3DCC26E-77FA-4127-BB96-F10615A70E65}.Debug|Any CPU.ActiveCfg = Debug|Any CPU
		{F3DCC26E-77FA-4127-BB96-F10615A70E65}.Debug|Any CPU.Build.0 = Debug|Any CPU
		{F3DCC26E-77FA-4127-BB96-F10615A70E65}.Release|Any CPU.ActiveCfg = Release|Any CPU
		{F3DCC26E-77FA-4127-BB96-F10615A70E65}.Release|Any CPU.Build.0 = Release|Any CPU
		{CA8990F4-C1D2-4FCE-976C-B994E72287D8}.Debug|Any CPU.ActiveCfg = Debug|Any CPU
		{CA8990F4-C1D2-4FCE-976C-B994E72287D8}.Debug|Any CPU.Build.0 = Debug|Any CPU
		{CA8990F4-C1D2-4FCE-976C-B994E72287D8}.Release|Any CPU.ActiveCfg = Release|Any CPU
		{CA8990F4-C1D2-4FCE-976C-B994E72287D8}.Release|Any CPU.Build.0 = Release|Any CPU
		{66FAB74C-4BD9-4E5E-903B-E09D3A3DB426}.Debug|Any CPU.ActiveCfg = Debug|Any CPU
		{66FAB74C-4BD9-4E5E-903B-E09D3A3DB426}.Debug|Any CPU.Build.0 = Debug|Any CPU
		{66FAB74C-4BD9-4E5E-903B-E09D3A3DB426}.Release|Any CPU.ActiveCfg = Release|Any CPU
		{66FAB74C-4BD9-4E5E-903B-E09D3A3DB426}.Release|Any CPU.Build.0 = Release|Any CPU
		{52D4DAAD-72FC-4CC8-999E-ABC2860578C1}.Debug|Any CPU.ActiveCfg = Debug|Any CPU
		{52D4DAAD-72FC-4CC8-999E-ABC2860578C1}.Debug|Any CPU.Build.0 = Debug|Any CPU
		{52D4DAAD-72FC-4CC8-999E-ABC2860578C1}.Release|Any CPU.ActiveCfg = Release|Any CPU
		{52D4DAAD-72FC-4CC8-999E-ABC2860578C1}.Release|Any CPU.Build.0 = Release|Any CPU
	EndGlobalSection
	GlobalSection(SolutionProperties) = preSolution
		HideSolutionNode = FALSE
	EndGlobalSection
EndGlobal
